
Microsoft Visual Studio Solution File, Format Version 12.00
# Visual Studio Version 17
VisualStudioVersion = 17.9.34622.214
MinimumVisualStudioVersion = 10.0.40219.1
Project("{FAE04EC0-301F-11D3-BF4B-00C04F79EFBC}") = "WorkSpace", "WorkSpace\WorkSpace.csproj", "{35AB28E0-EB50-4FA1-9162-5CD39EA932B8}"
EndProject
Project("{FAE04EC0-301F-11D3-BF4B-00C04F79EFBC}") = "Entities", "Entities\Entities.csproj", "{B156B958-07E8-4B63-80B4-93911D6C67A1}"
EndProject
Project("{FAE04EC0-301F-11D3-BF4B-00C04F79EFBC}") = "Business", "Business\Business.csproj", "{15AEE235-AC36-4F0A-94E4-894B8B485ABE}"
EndProject
Global
	GlobalSection(SolutionConfigurationPlatforms) = preSolution
		Debug|Any CPU = Debug|Any CPU
		Release|Any CPU = Release|Any CPU
	EndGlobalSection
	GlobalSection(ProjectConfigurationPlatforms) = postSolution
		{35AB28E0-EB50-4FA1-9162-5CD39EA932B8}.Debug|Any CPU.ActiveCfg = Debug|Any CPU
		{35AB28E0-EB50-4FA1-9162-5CD39EA932B8}.Debug|Any CPU.Build.0 = Debug|Any CPU
		{35AB28E0-EB50-4FA1-9162-5CD39EA932B8}.Release|Any CPU.ActiveCfg = Release|Any CPU
		{35AB28E0-EB50-4FA1-9162-5CD39EA932B8}.Release|Any CPU.Build.0 = Release|Any CPU
		{B156B958-07E8-4B63-80B4-93911D6C67A1}.Debug|Any CPU.ActiveCfg = Debug|Any CPU
		{B156B958-07E8-4B63-80B4-93911D6C67A1}.Debug|Any CPU.Build.0 = Debug|Any CPU
		{B156B958-07E8-4B63-80B4-93911D6C67A1}.Release|Any CPU.ActiveCfg = Release|Any CPU
		{B156B958-07E8-4B63-80B4-93911D6C67A1}.Release|Any CPU.Build.0 = Release|Any CPU
		{15AEE235-AC36-4F0A-94E4-894B8B485ABE}.Debug|Any CPU.ActiveCfg = Debug|Any CPU
		{15AEE235-AC36-4F0A-94E4-894B8B485ABE}.Debug|Any CPU.Build.0 = Debug|Any CPU
		{15AEE235-AC36-4F0A-94E4-894B8B485ABE}.Release|Any CPU.ActiveCfg = Release|Any CPU
		{15AEE235-AC36-4F0A-94E4-894B8B485ABE}.Release|Any CPU.Build.0 = Release|Any CPU
	EndGlobalSection
	GlobalSection(SolutionProperties) = preSolution
		HideSolutionNode = FALSE
	EndGlobalSection
	GlobalSection(ExtensibilityGlobals) = postSolution
		SolutionGuid = {7B20F275-AD7D-438B-97C2-4152BAD3DE6E}
	EndGlobalSection
EndGlobal
